{
  "name": "mpc-003---personality",
  "version": "1.0.0",
  "lockfileVersion": 3,
  "requires": true,
  "packages": {
    "": {
      "name": "mpc-003---personality",
      "version": "1.0.0",
      "license": "ISC",
      "dependencies": {
        "mind-elixir": "^5.13.0"
      }
    },
    "node_modules/mind-elixir": {
      "version": "5.13.0",
      "resolved": "https://registry.npmjs.org/mind-elixir/-/mind-elixir-5.13.0.tgz",
      "integrity": "sha512-ilvXVwrMmBclwyA+46nIrqOZot4Rv7arxInJwbK4XL83qMoPFb7AbwSYJIsMUSjJ+XPxMYYZ2SoMuT06eWAMRQ==",
      "license": "MIT"
    }
  }
}
